// !$*UTF8*$!
{
	archiveVersion = 1;
	classes = {
	};
	objectVersion = 55;
	objects = {

/* Begin PBXBuildFile section */
		6D89A682E66A9E81FD4D4814 /* Pods_WeatherInfoTests.framework in Frameworks */ = {isa = PBXBuildFile; fileRef = 1B10004930F61E0544B83F40 /* Pods_WeatherInfoTests.framework */; };
		9EA4FCC321B17581DB238B43 /* Pods_WeatherInfo_WeatherInfoUITests.framework in Frameworks */ = {isa = PBXBuildFile; fileRef = FFB3F0A63F0DFF5057BB9E51 /* Pods_WeatherInfo_WeatherInfoUITests.framework */; };
		C352B8A0DC3A8B8CB9F853CF /* Pods_WeatherInfo.framework in Frameworks */ = {isa = PBXBuildFile; fileRef = 7EE6C5A206997FAF5B3322AA /* Pods_WeatherInfo.framework */; };
		FBE6541429C47724003A234A /* AppDelegate.swift in Sources */ = {isa = PBXBuildFile; fileRef = FBE6541329C47724003A234A /* AppDelegate.swift */; };
		FBE6541629C47724003A234A /* SceneDelegate.swift in Sources */ = {isa = PBXBuildFile; fileRef = FBE6541529C47724003A234A /* SceneDelegate.swift */; };
		FBE6541829C47724003A234A /* WeatherInfoViewController.swift in Sources */ = {isa = PBXBuildFile; fileRef = FBE6541729C47724003A234A /* WeatherInfoViewController.swift */; };
		FBE6541B29C47724003A234A /* Main.storyboard in Resources */ = {isa = PBXBuildFile; fileRef = FBE6541929C47724003A234A /* Main.storyboard */; };
		FBE6541D29C47725003A234A /* Assets.xcassets in Resources */ = {isa = PBXBuildFile; fileRef = FBE6541C29C47725003A234A /* Assets.xcassets */; };
		FBE6542029C47725003A234A /* LaunchScreen.storyboard in Resources */ = {isa = PBXBuildFile; fileRef = FBE6541E29C47725003A234A /* LaunchScreen.storyboard */; };
		FBE6542B29C47726003A234A /* WeatherInfoTests.swift in Sources */ = {isa = PBXBuildFile; fileRef = FBE6542A29C47726003A234A /* WeatherInfoTests.swift */; };
		FBE6543529C47726003A234A /* WeatherInfoUITests.swift in Sources */ = {isa = PBXBuildFile; fileRef = FBE6543429C47726003A234A /* WeatherInfoUITests.swift */; };
		FBE6543729C47726003A234A /* WeatherInfoUITestsLaunchTests.swift in Sources */ = {isa = PBXBuildFile; fileRef = FBE6543629C47726003A234A /* WeatherInfoUITestsLaunchTests.swift */; };
		FBE6544929C48D51003A234A /* WeatherInfoViewModel.swift in Sources */ = {isa = PBXBuildFile; fileRef = FBE6544829C48D51003A234A /* WeatherInfoViewModel.swift */; };
		FBE6544D29C5A47D003A234A /* AlamofireManager.swift in Sources */ = {isa = PBXBuildFile; fileRef = FBE6544C29C5A47D003A234A /* AlamofireManager.swift */; };
		FBE6545029C5A717003A234A /* Result+Extensions.swift in Sources */ = {isa = PBXBuildFile; fileRef = FBE6544F29C5A717003A234A /* Result+Extensions.swift */; };
		FBE6545229C5AD4F003A234A /* CurrentWeather.swift in Sources */ = {isa = PBXBuildFile; fileRef = FBE6545129C5AD4F003A234A /* CurrentWeather.swift */; };
		FBE6545429C5AE0A003A234A /* WeatherManager.swift in Sources */ = {isa = PBXBuildFile; fileRef = FBE6545329C5AE0A003A234A /* WeatherManager.swift */; };
		FBE6545629C6CCE6003A234A /* SessionManager.swift in Sources */ = {isa = PBXBuildFile; fileRef = FBE6545529C6CCE6003A234A /* SessionManager.swift */; };
		FBE6545829C6EF8A003A234A /* Double+Extension.swift in Sources */ = {isa = PBXBuildFile; fileRef = FBE6545729C6EF8A003A234A /* Double+Extension.swift */; };
		FBE6545B29C70BBD003A234A /* SearchTableViewCell.swift in Sources */ = {isa = PBXBuildFile; fileRef = FBE6545A29C70BBD003A234A /* SearchTableViewCell.swift */; };
		FBE6545D29C70C05003A234A /* SearchViewController.swift in Sources */ = {isa = PBXBuildFile; fileRef = FBE6545C29C70C05003A234A /* SearchViewController.swift */; };
		FBE6545F29C70E57003A234A /* SearchViewModel.swift in Sources */ = {isa = PBXBuildFile; fileRef = FBE6545E29C70E57003A234A /* SearchViewModel.swift */; };
		FBE6546129C71EE0003A234A /* CityList.swift in Sources */ = {isa = PBXBuildFile; fileRef = FBE6546029C71EE0003A234A /* CityList.swift */; };
		FBE6546329C762F8003A234A /* UIImageView+Extension.swift in Sources */ = {isa = PBXBuildFile; fileRef = FBE6546229C762F8003A234A /* UIImageView+Extension.swift */; };
		FBE6546529C767CF003A234A /* Constants.swift in Sources */ = {isa = PBXBuildFile; fileRef = FBE6546429C767CF003A234A /* Constants.swift */; };
		FBE6546729C87B6B003A234A /* KeychainManager.swift in Sources */ = {isa = PBXBuildFile; fileRef = FBE6546629C87B6B003A234A /* KeychainManager.swift */; };
		FBE6546929C887BD003A234A /* WeatherInfoViewModelTests.swift in Sources */ = {isa = PBXBuildFile; fileRef = FBE6546829C887BD003A234A /* WeatherInfoViewModelTests.swift */; };
/* End PBXBuildFile section */

/* Begin PBXContainerItemProxy section */
		FBE6542729C47726003A234A /* PBXContainerItemProxy */ = {
			isa = PBXContainerItemProxy;
			containerPortal = FBE6540829C47723003A234A /* Project object */;
			proxyType = 1;
			remoteGlobalIDString = FBE6540F29C47724003A234A;
			remoteInfo = WeatherInfo;
		};
		FBE6543129C47726003A234A /* PBXContainerItemProxy */ = {
			isa = PBXContainerItemProxy;
			containerPortal = FBE6540829C47723003A234A /* Project object */;
			proxyType = 1;
			remoteGlobalIDString = FBE6540F29C47724003A234A;
			remoteInfo = WeatherInfo;
		};
/* End PBXContainerItemProxy section */

/* Begin PBXFileReference section */
		1B10004930F61E0544B83F40 /* Pods_WeatherInfoTests.framework */ = {isa = PBXFileReference; explicitFileType = wrapper.framework; includeInIndex = 0; path = Pods_WeatherInfoTests.framework; sourceTree = BUILT_PRODUCTS_DIR; };
		2CFAC8431A67E3234BA8671D /* Pods-WeatherInfoTests.release.xcconfig */ = {isa = PBXFileReference; includeInIndex = 1; lastKnownFileType = text.xcconfig; name = "Pods-WeatherInfoTests.release.xcconfig"; path = "Target Support Files/Pods-WeatherInfoTests/Pods-WeatherInfoTests.release.xcconfig"; sourceTree = "<group>"; };
		7EE6C5A206997FAF5B3322AA /* Pods_WeatherInfo.framework */ = {isa = PBXFileReference; explicitFileType = wrapper.framework; includeInIndex = 0; path = Pods_WeatherInfo.framework; sourceTree = BUILT_PRODUCTS_DIR; };
		8F0AD172F02AA5021ACC4FB2 /* Pods-WeatherInfo.debug.xcconfig */ = {isa = PBXFileReference; includeInIndex = 1; lastKnownFileType = text.xcconfig; name = "Pods-WeatherInfo.debug.xcconfig"; path = "Target Support Files/Pods-WeatherInfo/Pods-WeatherInfo.debug.xcconfig"; sourceTree = "<group>"; };
		B7836E8095D9560677763279 /* Pods-WeatherInfoTests.debug.xcconfig */ = {isa = PBXFileReference; includeInIndex = 1; lastKnownFileType = text.xcconfig; name = "Pods-WeatherInfoTests.debug.xcconfig"; path = "Target Support Files/Pods-WeatherInfoTests/Pods-WeatherInfoTests.debug.xcconfig"; sourceTree = "<group>"; };
		E835E959F245AFF372B7CAAA /* Pods-WeatherInfo-WeatherInfoUITests.release.xcconfig */ = {isa = PBXFileReference; includeInIndex = 1; lastKnownFileType = text.xcconfig; name = "Pods-WeatherInfo-WeatherInfoUITests.release.xcconfig"; path = "Target Support Files/Pods-WeatherInfo-WeatherInfoUITests/Pods-WeatherInfo-WeatherInfoUITests.release.xcconfig"; sourceTree = "<group>"; };
		EB3ED610580856C2EE17D6F3 /* Pods-WeatherInfo.release.xcconfig */ = {isa = PBXFileReference; includeInIndex = 1; lastKnownFileType = text.xcconfig; name = "Pods-WeatherInfo.release.xcconfig"; path = "Target Support Files/Pods-WeatherInfo/Pods-WeatherInfo.release.xcconfig"; sourceTree = "<group>"; };
		F7CFA18360C8C58FA9CA0F47 /* Pods-WeatherInfo-WeatherInfoUITests.debug.xcconfig */ = {isa = PBXFileReference; includeInIndex = 1; lastKnownFileType = text.xcconfig; name = "Pods-WeatherInfo-WeatherInfoUITests.debug.xcconfig"; path = "Target Support Files/Pods-WeatherInfo-WeatherInfoUITests/Pods-WeatherInfo-WeatherInfoUITests.debug.xcconfig"; sourceTree = "<group>"; };
		FBE6541029C47724003A234A /* WeatherInfo.app */ = {isa = PBXFileReference; explicitFileType = wrapper.application; includeInIndex = 0; path = WeatherInfo.app; sourceTree = BUILT_PRODUCTS_DIR; };
		FBE6541329C47724003A234A /* AppDelegate.swift */ = {isa = PBXFileReference; lastKnownFileType = sourcecode.swift; path = AppDelegate.swift; sourceTree = "<group>"; };
		FBE6541529C47724003A234A /* SceneDelegate.swift */ = {isa = PBXFileReference; lastKnownFileType = sourcecode.swift; path = SceneDelegate.swift; sourceTree = "<group>"; };
		FBE6541729C47724003A234A /* WeatherInfoViewController.swift */ = {isa = PBXFileReference; lastKnownFileType = sourcecode.swift; path = WeatherInfoViewController.swift; sourceTree = "<group>"; };
		FBE6541A29C47724003A234A /* Base */ = {isa = PBXFileReference; lastKnownFileType = file.storyboard; name = Base; path = Base.lproj/Main.storyboard; sourceTree = "<group>"; };
		FBE6541C29C47725003A234A /* Assets.xcassets */ = {isa = PBXFileReference; lastKnownFileType = folder.assetcatalog; path = Assets.xcassets; sourceTree = "<group>"; };
		FBE6541F29C47725003A234A /* Base */ = {isa = PBXFileReference; lastKnownFileType = file.storyboard; name = Base; path = Base.lproj/LaunchScreen.storyboard; sourceTree = "<group>"; };
		FBE6542129C47725003A234A /* Info.plist */ = {isa = PBXFileReference; lastKnownFileType = text.plist.xml; path = Info.plist; sourceTree = "<group>"; };
		FBE6542629C47726003A234A /* WeatherInfoTests.xctest */ = {isa = PBXFileReference; explicitFileType = wrapper.cfbundle; includeInIndex = 0; path = WeatherInfoTests.xctest; sourceTree = BUILT_PRODUCTS_DIR; };
		FBE6542A29C47726003A234A /* WeatherInfoTests.swift */ = {isa = PBXFileReference; lastKnownFileType = sourcecode.swift; path = WeatherInfoTests.swift; sourceTree = "<group>"; };
		FBE6543029C47726003A234A /* WeatherInfoUITests.xctest */ = {isa = PBXFileReference; explicitFileType = wrapper.cfbundle; includeInIndex = 0; path = WeatherInfoUITests.xctest; sourceTree = BUILT_PRODUCTS_DIR; };
		FBE6543429C47726003A234A /* WeatherInfoUITests.swift */ = {isa = PBXFileReference; lastKnownFileType = sourcecode.swift; path = WeatherInfoUITests.swift; sourceTree = "<group>"; };
		FBE6543629C47726003A234A /* WeatherInfoUITestsLaunchTests.swift */ = {isa = PBXFileReference; lastKnownFileType = sourcecode.swift; path = WeatherInfoUITestsLaunchTests.swift; sourceTree = "<group>"; };
		FBE6544829C48D51003A234A /* WeatherInfoViewModel.swift */ = {isa = PBXFileReference; lastKnownFileType = sourcecode.swift; path = WeatherInfoViewModel.swift; sourceTree = "<group>"; };
		FBE6544C29C5A47D003A234A /* AlamofireManager.swift */ = {isa = PBXFileReference; fileEncoding = 4; lastKnownFileType = sourcecode.swift; path = AlamofireManager.swift; sourceTree = "<group>"; };
		FBE6544F29C5A717003A234A /* Result+Extensions.swift */ = {isa = PBXFileReference; lastKnownFileType = sourcecode.swift; path = "Result+Extensions.swift"; sourceTree = "<group>"; };
		FBE6545129C5AD4F003A234A /* CurrentWeather.swift */ = {isa = PBXFileReference; lastKnownFileType = sourcecode.swift; path = CurrentWeather.swift; sourceTree = "<group>"; };
		FBE6545329C5AE0A003A234A /* WeatherManager.swift */ = {isa = PBXFileReference; lastKnownFileType = sourcecode.swift; path = WeatherManager.swift; sourceTree = "<group>"; };
		FBE6545529C6CCE6003A234A /* SessionManager.swift */ = {isa = PBXFileReference; lastKnownFileType = sourcecode.swift; path = SessionManager.swift; sourceTree = "<group>"; };
		FBE6545729C6EF8A003A234A /* Double+Extension.swift */ = {isa = PBXFileReference; lastKnownFileType = sourcecode.swift; path = "Double+Extension.swift"; sourceTree = "<group>"; };
		FBE6545A29C70BBD003A234A /* SearchTableViewCell.swift */ = {isa = PBXFileReference; lastKnownFileType = sourcecode.swift; path = SearchTableViewCell.swift; sourceTree = "<group>"; };
		FBE6545C29C70C05003A234A /* SearchViewController.swift */ = {isa = PBXFileReference; lastKnownFileType = sourcecode.swift; path = SearchViewController.swift; sourceTree = "<group>"; };
		FBE6545E29C70E57003A234A /* SearchViewModel.swift */ = {isa = PBXFileReference; lastKnownFileType = sourcecode.swift; path = SearchViewModel.swift; sourceTree = "<group>"; };
		FBE6546029C71EE0003A234A /* CityList.swift */ = {isa = PBXFileReference; lastKnownFileType = sourcecode.swift; path = CityList.swift; sourceTree = "<group>"; };
		FBE6546229C762F8003A234A /* UIImageView+Extension.swift */ = {isa = PBXFileReference; lastKnownFileType = sourcecode.swift; path = "UIImageView+Extension.swift"; sourceTree = "<group>"; };
		FBE6546429C767CF003A234A /* Constants.swift */ = {isa = PBXFileReference; lastKnownFileType = sourcecode.swift; path = Constants.swift; sourceTree = "<group>"; };
		FBE6546629C87B6B003A234A /* KeychainManager.swift */ = {isa = PBXFileReference; lastKnownFileType = sourcecode.swift; path = KeychainManager.swift; sourceTree = "<group>"; };
		FBE6546829C887BD003A234A /* WeatherInfoViewModelTests.swift */ = {isa = PBXFileReference; lastKnownFileType = sourcecode.swift; path = WeatherInfoViewModelTests.swift; sourceTree = "<group>"; };
		FFB3F0A63F0DFF5057BB9E51 /* Pods_WeatherInfo_WeatherInfoUITests.framework */ = {isa = PBXFileReference; explicitFileType = wrapper.framework; includeInIndex = 0; path = Pods_WeatherInfo_WeatherInfoUITests.framework; sourceTree = BUILT_PRODUCTS_DIR; };
/* End PBXFileReference section */

/* Begin PBXFrameworksBuildPhase section */
		FBE6540D29C47724003A234A /* Frameworks */ = {
			isa = PBXFrameworksBuildPhase;
			buildActionMask = 2147483647;
			files = (
				C352B8A0DC3A8B8CB9F853CF /* Pods_WeatherInfo.framework in Frameworks */,
			);
			runOnlyForDeploymentPostprocessing = 0;
		};
		FBE6542329C47726003A234A /* Frameworks */ = {
			isa = PBXFrameworksBuildPhase;
			buildActionMask = 2147483647;
			files = (
				6D89A682E66A9E81FD4D4814 /* Pods_WeatherInfoTests.framework in Frameworks */,
			);
			runOnlyForDeploymentPostprocessing = 0;
		};
		FBE6542D29C47726003A234A /* Frameworks */ = {
			isa = PBXFrameworksBuildPhase;
			buildActionMask = 2147483647;
			files = (
				9EA4FCC321B17581DB238B43 /* Pods_WeatherInfo_WeatherInfoUITests.framework in Frameworks */,
			);
			runOnlyForDeploymentPostprocessing = 0;
		};
/* End PBXFrameworksBuildPhase section */

/* Begin PBXGroup section */
		6E6C27DB3DE778169173E506 /* Frameworks */ = {
			isa = PBXGroup;
			children = (
				7EE6C5A206997FAF5B3322AA /* Pods_WeatherInfo.framework */,
				FFB3F0A63F0DFF5057BB9E51 /* Pods_WeatherInfo_WeatherInfoUITests.framework */,
				1B10004930F61E0544B83F40 /* Pods_WeatherInfoTests.framework */,
			);
			name = Frameworks;
			sourceTree = "<group>";
		};
		E3CB4D7F7CB1CF8CA721D5BC /* Pods */ = {
			isa = PBXGroup;
			children = (
				8F0AD172F02AA5021ACC4FB2 /* Pods-WeatherInfo.debug.xcconfig */,
				EB3ED610580856C2EE17D6F3 /* Pods-WeatherInfo.release.xcconfig */,
				F7CFA18360C8C58FA9CA0F47 /* Pods-WeatherInfo-WeatherInfoUITests.debug.xcconfig */,
				E835E959F245AFF372B7CAAA /* Pods-WeatherInfo-WeatherInfoUITests.release.xcconfig */,
				B7836E8095D9560677763279 /* Pods-WeatherInfoTests.debug.xcconfig */,
				2CFAC8431A67E3234BA8671D /* Pods-WeatherInfoTests.release.xcconfig */,
			);
			path = Pods;
			sourceTree = "<group>";
		};
		FBE6540729C47723003A234A = {
			isa = PBXGroup;
			children = (
				FBE6541229C47724003A234A /* WeatherInfo */,
				FBE6544529C48677003A234A /* ViewModels */,
				FBE6544429C4866D003A234A /* Models */,
				FBE6544329C48631003A234A /* Views */,
				FBE6544629C48705003A234A /* Network */,
				FBE6544E29C5A6F0003A234A /* Extensions */,
				FBE6542929C47726003A234A /* WeatherInfoTests */,
				FBE6543329C47726003A234A /* WeatherInfoUITests */,
				FBE6541129C47724003A234A /* Products */,
				E3CB4D7F7CB1CF8CA721D5BC /* Pods */,
				6E6C27DB3DE778169173E506 /* Frameworks */,
			);
			sourceTree = "<group>";
		};
		FBE6541129C47724003A234A /* Products */ = {
			isa = PBXGroup;
			children = (
				FBE6541029C47724003A234A /* WeatherInfo.app */,
				FBE6542629C47726003A234A /* WeatherInfoTests.xctest */,
				FBE6543029C47726003A234A /* WeatherInfoUITests.xctest */,
			);
			name = Products;
			sourceTree = "<group>";
		};
		FBE6541229C47724003A234A /* WeatherInfo */ = {
			isa = PBXGroup;
			children = (
				FBE6541329C47724003A234A /* AppDelegate.swift */,
				FBE6541529C47724003A234A /* SceneDelegate.swift */,
				FBE6541C29C47725003A234A /* Assets.xcassets */,
				FBE6542129C47725003A234A /* Info.plist */,
			);
			path = WeatherInfo;
			sourceTree = "<group>";
		};
		FBE6542929C47726003A234A /* WeatherInfoTests */ = {
			isa = PBXGroup;
			children = (
				FBE6542A29C47726003A234A /* WeatherInfoTests.swift */,
				FBE6546829C887BD003A234A /* WeatherInfoViewModelTests.swift */,
			);
			path = WeatherInfoTests;
			sourceTree = "<group>";
		};
		FBE6543329C47726003A234A /* WeatherInfoUITests */ = {
			isa = PBXGroup;
			children = (
				FBE6543429C47726003A234A /* WeatherInfoUITests.swift */,
				FBE6543629C47726003A234A /* WeatherInfoUITestsLaunchTests.swift */,
			);
			path = WeatherInfoUITests;
			sourceTree = "<group>";
		};
		FBE6544329C48631003A234A /* Views */ = {
			isa = PBXGroup;
			children = (
				FBE6545929C70BA4003A234A /* Cells */,
				FBE6541729C47724003A234A /* WeatherInfoViewController.swift */,
				FBE6545C29C70C05003A234A /* SearchViewController.swift */,
				FBE6544729C48D0F003A234A /* Storyboards */,
			);
			path = Views;
			sourceTree = "<group>";
		};
		FBE6544429C4866D003A234A /* Models */ = {
			isa = PBXGroup;
			children = (
				FBE6545129C5AD4F003A234A /* CurrentWeather.swift */,
				FBE6546029C71EE0003A234A /* CityList.swift */,
			);
			path = Models;
			sourceTree = "<group>";
		};
		FBE6544529C48677003A234A /* ViewModels */ = {
			isa = PBXGroup;
			children = (
				FBE6544829C48D51003A234A /* WeatherInfoViewModel.swift */,
				FBE6545E29C70E57003A234A /* SearchViewModel.swift */,
			);
			path = ViewModels;
			sourceTree = "<group>";
		};
		FBE6544629C48705003A234A /* Network */ = {
			isa = PBXGroup;
			children = (
				FBE6544C29C5A47D003A234A /* AlamofireManager.swift */,
				FBE6545329C5AE0A003A234A /* WeatherManager.swift */,
				FBE6545529C6CCE6003A234A /* SessionManager.swift */,
				FBE6546629C87B6B003A234A /* KeychainManager.swift */,
				FBE6546429C767CF003A234A /* Constants.swift */,
			);
			path = Network;
			sourceTree = "<group>";
		};
		FBE6544729C48D0F003A234A /* Storyboards */ = {
			isa = PBXGroup;
			children = (
				FBE6541929C47724003A234A /* Main.storyboard */,
				FBE6541E29C47725003A234A /* LaunchScreen.storyboard */,
			);
			path = Storyboards;
			sourceTree = "<group>";
		};
		FBE6544E29C5A6F0003A234A /* Extensions */ = {
			isa = PBXGroup;
			children = (
				FBE6544F29C5A717003A234A /* Result+Extensions.swift */,
				FBE6545729C6EF8A003A234A /* Double+Extension.swift */,
				FBE6546229C762F8003A234A /* UIImageView+Extension.swift */,
			);
			path = Extensions;
			sourceTree = "<group>";
		};
		FBE6545929C70BA4003A234A /* Cells */ = {
			isa = PBXGroup;
			children = (
				FBE6545A29C70BBD003A234A /* SearchTableViewCell.swift */,
			);
			path = Cells;
			sourceTree = "<group>";
		};
/* End PBXGroup section */

/* Begin PBXNativeTarget section */
		FBE6540F29C47724003A234A /* WeatherInfo */ = {
			isa = PBXNativeTarget;
			buildConfigurationList = FBE6543A29C47726003A234A /* Build configuration list for PBXNativeTarget "WeatherInfo" */;
			buildPhases = (
				5B8A3CC4AA1DD91A0034228A /* [CP] Check Pods Manifest.lock */,
				FBE6540C29C47724003A234A /* Sources */,
				FBE6540D29C47724003A234A /* Frameworks */,
				FBE6540E29C47724003A234A /* Resources */,
				24CBAFD3864DA0DA147A3320 /* [CP] Embed Pods Frameworks */,
			);
			buildRules = (
			);
			dependencies = (
			);
			name = WeatherInfo;
			productName = WeatherInfo;
			productReference = FBE6541029C47724003A234A /* WeatherInfo.app */;
			productType = "com.apple.product-type.application";
		};
		FBE6542529C47726003A234A /* WeatherInfoTests */ = {
			isa = PBXNativeTarget;
			buildConfigurationList = FBE6543D29C47726003A234A /* Build configuration list for PBXNativeTarget "WeatherInfoTests" */;
			buildPhases = (
				DC7B644A4CA5F8B9563788B7 /* [CP] Check Pods Manifest.lock */,
				FBE6542229C47726003A234A /* Sources */,
				FBE6542329C47726003A234A /* Frameworks */,
				FBE6542429C47726003A234A /* Resources */,
			);
			buildRules = (
			);
			dependencies = (
				FBE6542829C47726003A234A /* PBXTargetDependency */,
			);
			name = WeatherInfoTests;
			productName = WeatherInfoTests;
			productReference = FBE6542629C47726003A234A /* WeatherInfoTests.xctest */;
			productType = "com.apple.product-type.bundle.unit-test";
		};
		FBE6542F29C47726003A234A /* WeatherInfoUITests */ = {
			isa = PBXNativeTarget;
			buildConfigurationList = FBE6544029C47726003A234A /* Build configuration list for PBXNativeTarget "WeatherInfoUITests" */;
			buildPhases = (
				3BBBCEA0ED03790D12B85089 /* [CP] Check Pods Manifest.lock */,
				FBE6542C29C47726003A234A /* Sources */,
				FBE6542D29C47726003A234A /* Frameworks */,
				FBE6542E29C47726003A234A /* Resources */,
				23C976864395FF6890CB4CF7 /* [CP] Embed Pods Frameworks */,
			);
			buildRules = (
			);
			dependencies = (
				FBE6543229C47726003A234A /* PBXTargetDependency */,
			);
			name = WeatherInfoUITests;
			productName = WeatherInfoUITests;
			productReference = FBE6543029C47726003A234A /* WeatherInfoUITests.xctest */;
			productType = "com.apple.product-type.bundle.ui-testing";
		};
/* End PBXNativeTarget section */

/* Begin PBXProject section */
		FBE6540829C47723003A234A /* Project object */ = {
			isa = PBXProject;
			attributes = {
				BuildIndependentTargetsInParallel = 1;
				LastSwiftUpdateCheck = 1420;
				LastUpgradeCheck = 1420;
				TargetAttributes = {
					FBE6540F29C47724003A234A = {
						CreatedOnToolsVersion = 14.2;
					};
					FBE6542529C47726003A234A = {
						CreatedOnToolsVersion = 14.2;
						TestTargetID = FBE6540F29C47724003A234A;
					};
					FBE6542F29C47726003A234A = {
						CreatedOnToolsVersion = 14.2;
						TestTargetID = FBE6540F29C47724003A234A;
					};
				};
			};
			buildConfigurationList = FBE6540B29C47723003A234A /* Build configuration list for PBXProject "WeatherInfo" */;
			compatibilityVersion = "Xcode 13.0";
			developmentRegion = en;
			hasScannedForEncodings = 0;
			knownRegions = (
				en,
				Base,
			);
			mainGroup = FBE6540729C47723003A234A;
			productRefGroup = FBE6541129C47724003A234A /* Products */;
			projectDirPath = "";
			projectRoot = "";
			targets = (
				FBE6540F29C47724003A234A /* WeatherInfo */,
				FBE6542529C47726003A234A /* WeatherInfoTests */,
				FBE6542F29C47726003A234A /* WeatherInfoUITests */,
			);
		};
/* End PBXProject section */

/* Begin PBXResourcesBuildPhase section */
		FBE6540E29C47724003A234A /* Resources */ = {
			isa = PBXResourcesBuildPhase;
			buildActionMask = 2147483647;
			files = (
				FBE6542029C47725003A234A /* LaunchScreen.storyboard in Resources */,
				FBE6541D29C47725003A234A /* Assets.xcassets in Resources */,
				FBE6541B29C47724003A234A /* Main.storyboard in Resources */,
			);
			runOnlyForDeploymentPostprocessing = 0;
		};
		FBE6542429C47726003A234A /* Resources */ = {
			isa = PBXResourcesBuildPhase;
			buildActionMask = 2147483647;
			files = (
			);
			runOnlyForDeploymentPostprocessing = 0;
		};
		FBE6542E29C47726003A234A /* Resources */ = {
			isa = PBXResourcesBuildPhase;
			buildActionMask = 2147483647;
			files = (
			);
			runOnlyForDeploymentPostprocessing = 0;
		};
/* End PBXResourcesBuildPhase section */

/* Begin PBXShellScriptBuildPhase section */
		23C976864395FF6890CB4CF7 /* [CP] Embed Pods Frameworks */ = {
			isa = PBXShellScriptBuildPhase;
			buildActionMask = 2147483647;
			files = (
			);
			inputFileListPaths = (
				"${PODS_ROOT}/Target Support Files/Pods-WeatherInfo-WeatherInfoUITests/Pods-WeatherInfo-WeatherInfoUITests-frameworks-${CONFIGURATION}-input-files.xcfilelist",
			);
			name = "[CP] Embed Pods Frameworks";
			outputFileListPaths = (
				"${PODS_ROOT}/Target Support Files/Pods-WeatherInfo-WeatherInfoUITests/Pods-WeatherInfo-WeatherInfoUITests-frameworks-${CONFIGURATION}-output-files.xcfilelist",
			);
			runOnlyForDeploymentPostprocessing = 0;
			shellPath = /bin/sh;
			shellScript = "\"${PODS_ROOT}/Target Support Files/Pods-WeatherInfo-WeatherInfoUITests/Pods-WeatherInfo-WeatherInfoUITests-frameworks.sh\"\n";
			showEnvVarsInLog = 0;
		};
		24CBAFD3864DA0DA147A3320 /* [CP] Embed Pods Frameworks */ = {
			isa = PBXShellScriptBuildPhase;
			buildActionMask = 2147483647;
			files = (
			);
			inputFileListPaths = (
				"${PODS_ROOT}/Target Support Files/Pods-WeatherInfo/Pods-WeatherInfo-frameworks-${CONFIGURATION}-input-files.xcfilelist",
			);
			name = "[CP] Embed Pods Frameworks";
			outputFileListPaths = (
				"${PODS_ROOT}/Target Support Files/Pods-WeatherInfo/Pods-WeatherInfo-frameworks-${CONFIGURATION}-output-files.xcfilelist",
			);
			runOnlyForDeploymentPostprocessing = 0;
			shellPath = /bin/sh;
			shellScript = "\"${PODS_ROOT}/Target Support Files/Pods-WeatherInfo/Pods-WeatherInfo-frameworks.sh\"\n";
			showEnvVarsInLog = 0;
		};
		3BBBCEA0ED03790D12B85089 /* [CP] Check Pods Manifest.lock */ = {
			isa = PBXShellScriptBuildPhase;
			buildActionMask = 2147483647;
			files = (
			);
			inputFileListPaths = (
			);
			inputPaths = (
				"${PODS_PODFILE_DIR_PATH}/Podfile.lock",
				"${PODS_ROOT}/Manifest.lock",
			);
			name = "[CP] Check Pods Manifest.lock";
			outputFileListPaths = (
			);
			outputPaths = (
				"$(DERIVED_FILE_DIR)/Pods-WeatherInfo-WeatherInfoUITests-checkManifestLockResult.txt",
			);
			runOnlyForDeploymentPostprocessing = 0;
			shellPath = /bin/sh;
			shellScript = "diff \"${PODS_PODFILE_DIR_PATH}/Podfile.lock\" \"${PODS_ROOT}/Manifest.lock\" > /dev/null\nif [ $? != 0 ] ; then\n    # print error to STDERR\n    echo \"error: The sandbox is not in sync with the Podfile.lock. Run 'pod install' or update your CocoaPods installation.\" >&2\n    exit 1\nfi\n# This output is used by Xcode 'outputs' to avoid re-running this script phase.\necho \"SUCCESS\" > \"${SCRIPT_OUTPUT_FILE_0}\"\n";
			showEnvVarsInLog = 0;
		};
		5B8A3CC4AA1DD91A0034228A /* [CP] Check Pods Manifest.lock */ = {
			isa = PBXShellScriptBuildPhase;
			buildActionMask = 2147483647;
			files = (
			);
			inputFileListPaths = (
			);
			inputPaths = (
				"${PODS_PODFILE_DIR_PATH}/Podfile.lock",
				"${PODS_ROOT}/Manifest.lock",
			);
			name = "[CP] Check Pods Manifest.lock";
			outputFileListPaths = (
			);
			outputPaths = (
				"$(DERIVED_FILE_DIR)/Pods-WeatherInfo-checkManifestLockResult.txt",
			);
			runOnlyForDeploymentPostprocessing = 0;
			shellPath = /bin/sh;
			shellScript = "diff \"${PODS_PODFILE_DIR_PATH}/Podfile.lock\" \"${PODS_ROOT}/Manifest.lock\" > /dev/null\nif [ $? != 0 ] ; then\n    # print error to STDERR\n    echo \"error: The sandbox is not in sync with the Podfile.lock. Run 'pod install' or update your CocoaPods installation.\" >&2\n    exit 1\nfi\n# This output is used by Xcode 'outputs' to avoid re-running this script phase.\necho \"SUCCESS\" > \"${SCRIPT_OUTPUT_FILE_0}\"\n";
			showEnvVarsInLog = 0;
		};
		DC7B644A4CA5F8B9563788B7 /* [CP] Check Pods Manifest.lock */ = {
			isa = PBXShellScriptBuildPhase;
			buildActionMask = 2147483647;
			files = (
			);
			inputFileListPaths = (
			);
			inputPaths = (
				"${PODS_PODFILE_DIR_PATH}/Podfile.lock",
				"${PODS_ROOT}/Manifest.lock",
			);
			name = "[CP] Check Pods Manifest.lock";
			outputFileListPaths = (
			);
			outputPaths = (
				"$(DERIVED_FILE_DIR)/Pods-WeatherInfoTests-checkManifestLockResult.txt",
			);
			runOnlyForDeploymentPostprocessing = 0;
			shellPath = /bin/sh;
			shellScript = "diff \"${PODS_PODFILE_DIR_PATH}/Podfile.lock\" \"${PODS_ROOT}/Manifest.lock\" > /dev/null\nif [ $? != 0 ] ; then\n    # print error to STDERR\n    echo \"error: The sandbox is not in sync with the Podfile.lock. Run 'pod install' or update your CocoaPods installation.\" >&2\n    exit 1\nfi\n# This output is used by Xcode 'outputs' to avoid re-running this script phase.\necho \"SUCCESS\" > \"${SCRIPT_OUTPUT_FILE_0}\"\n";
			showEnvVarsInLog = 0;
		};
/* End PBXShellScriptBuildPhase section */

/* Begin PBXSourcesBuildPhase section */
		FBE6540C29C47724003A234A /* Sources */ = {
			isa = PBXSourcesBuildPhase;
			buildActionMask = 2147483647;
			files = (
				FBE6546329C762F8003A234A /* UIImageView+Extension.swift in Sources */,
				FBE6545029C5A717003A234A /* Result+Extensions.swift in Sources */,
				FBE6541829C47724003A234A /* WeatherInfoViewController.swift in Sources */,
				FBE6545629C6CCE6003A234A /* SessionManager.swift in Sources */,
				FBE6545429C5AE0A003A234A /* WeatherManager.swift in Sources */,
				FBE6546129C71EE0003A234A /* CityList.swift in Sources */,
				FBE6546729C87B6B003A234A /* KeychainManager.swift in Sources */,
				FBE6545B29C70BBD003A234A /* SearchTableViewCell.swift in Sources */,
				FBE6546529C767CF003A234A /* Constants.swift in Sources */,
				FBE6545F29C70E57003A234A /* SearchViewModel.swift in Sources */,
				FBE6544929C48D51003A234A /* WeatherInfoViewModel.swift in Sources */,
				FBE6545D29C70C05003A234A /* SearchViewController.swift in Sources */,
				FBE6545229C5AD4F003A234A /* CurrentWeather.swift in Sources */,
				FBE6541429C47724003A234A /* AppDelegate.swift in Sources */,
				FBE6544D29C5A47D003A234A /* AlamofireManager.swift in Sources */,
				FBE6545829C6EF8A003A234A /* Double+Extension.swift in Sources */,
				FBE6541629C47724003A234A /* SceneDelegate.swift in Sources */,
			);
			runOnlyForDeploymentPostprocessing = 0;
		};
		FBE6542229C47726003A234A /* Sources */ = {
			isa = PBXSourcesBuildPhase;
			buildActionMask = 2147483647;
			files = (
				FBE6542B29C47726003A234A /* WeatherInfoTests.swift in Sources */,
				FBE6546929C887BD003A234A /* WeatherInfoViewModelTests.swift in Sources */,
			);
			runOnlyForDeploymentPostprocessing = 0;
		};
		FBE6542C29C47726003A234A /* Sources */ = {
			isa = PBXSourcesBuildPhase;
			buildActionMask = 2147483647;
			files = (
				FBE6543529C47726003A234A /* WeatherInfoUITests.swift in Sources */,
				FBE6543729C47726003A234A /* WeatherInfoUITestsLaunchTests.swift in Sources */,
			);
			runOnlyForDeploymentPostprocessing = 0;
		};
/* End PBXSourcesBuildPhase section */

/* Begin PBXTargetDependency section */
		FBE6542829C47726003A234A /* PBXTargetDependency */ = {
			isa = PBXTargetDependency;
			target = FBE6540F29C47724003A234A /* WeatherInfo */;
			targetProxy = FBE6542729C47726003A234A /* PBXContainerItemProxy */;
		};
		FBE6543229C47726003A234A /* PBXTargetDependency */ = {
			isa = PBXTargetDependency;
			target = FBE6540F29C47724003A234A /* WeatherInfo */;
			targetProxy = FBE6543129C47726003A234A /* PBXContainerItemProxy */;
		};
/* End PBXTargetDependency section */

/* Begin PBXVariantGroup section */
		FBE6541929C47724003A234A /* Main.storyboard */ = {
			isa = PBXVariantGroup;
			children = (
				FBE6541A29C47724003A234A /* Base */,
			);
			name = Main.storyboard;
			sourceTree = "<group>";
		};
		FBE6541E29C47725003A234A /* LaunchScreen.storyboard */ = {
			isa = PBXVariantGroup;
			children = (
				FBE6541F29C47725003A234A /* Base */,
			);
			name = LaunchScreen.storyboard;
			sourceTree = "<group>";
		};
/* End PBXVariantGroup section */

/* Begin XCBuildConfiguration section */
		FBE6543829C47726003A234A /* Debug */ = {
			isa = XCBuildConfiguration;
			buildSettings = {
				ALWAYS_SEARCH_USER_PATHS = NO;
				CLANG_ANALYZER_NONNULL = YES;
				CLANG_ANALYZER_NUMBER_OBJECT_CONVERSION = YES_AGGRESSIVE;
				CLANG_CXX_LANGUAGE_STANDARD = "gnu++20";
				CLANG_ENABLE_MODULES = YES;
				CLANG_ENABLE_OBJC_ARC = YES;
				CLANG_ENABLE_OBJC_WEAK = YES;
				CLANG_WARN_BLOCK_CAPTURE_AUTORELEASING = YES;
				CLANG_WARN_BOOL_CONVERSION = YES;
				CLANG_WARN_COMMA = YES;
				CLANG_WARN_CONSTANT_CONVERSION = YES;
				CLANG_WARN_DEPRECATED_OBJC_IMPLEMENTATIONS = YES;
				CLANG_WARN_DIRECT_OBJC_ISA_USAGE = YES_ERROR;
				CLANG_WARN_DOCUMENTATION_COMMENTS = YES;
				CLANG_WARN_EMPTY_BODY = YES;
				CLANG_WARN_ENUM_CONVERSION = YES;
				CLANG_WARN_INFINITE_RECURSION = YES;
				CLANG_WARN_INT_CONVERSION = YES;
				CLANG_WARN_NON_LITERAL_NULL_CONVERSION = YES;
				CLANG_WARN_OBJC_IMPLICIT_RETAIN_SELF = YES;
				CLANG_WARN_OBJC_LITERAL_CONVERSION = YES;
				CLANG_WARN_OBJC_ROOT_CLASS = YES_ERROR;
				CLANG_WARN_QUOTED_INCLUDE_IN_FRAMEWORK_HEADER = YES;
				CLANG_WARN_RANGE_LOOP_ANALYSIS = YES;
				CLANG_WARN_STRICT_PROTOTYPES = YES;
				CLANG_WARN_SUSPICIOUS_MOVE = YES;
				CLANG_WARN_UNGUARDED_AVAILABILITY = YES_AGGRESSIVE;
				CLANG_WARN_UNREACHABLE_CODE = YES;
				CLANG_WARN__DUPLICATE_METHOD_MATCH = YES;
				COPY_PHASE_STRIP = NO;
				DEBUG_INFORMATION_FORMAT = dwarf;
				ENABLE_STRICT_OBJC_MSGSEND = YES;
				ENABLE_TESTABILITY = YES;
				GCC_C_LANGUAGE_STANDARD = gnu11;
				GCC_DYNAMIC_NO_PIC = NO;
				GCC_NO_COMMON_BLOCKS = YES;
				GCC_OPTIMIZATION_LEVEL = 0;
				GCC_PREPROCESSOR_DEFINITIONS = (
					"DEBUG=1",
					"$(inherited)",
				);
				GCC_WARN_64_TO_32_BIT_CONVERSION = YES;
				GCC_WARN_ABOUT_RETURN_TYPE = YES_ERROR;
				GCC_WARN_UNDECLARED_SELECTOR = YES;
				GCC_WARN_UNINITIALIZED_AUTOS = YES_AGGRESSIVE;
				GCC_WARN_UNUSED_FUNCTION = YES;
				GCC_WARN_UNUSED_VARIABLE = YES;
				IPHONEOS_DEPLOYMENT_TARGET = 16.2;
				MTL_ENABLE_DEBUG_INFO = INCLUDE_SOURCE;
				MTL_FAST_MATH = YES;
				ONLY_ACTIVE_ARCH = YES;
				SDKROOT = iphoneos;
				SWIFT_ACTIVE_COMPILATION_CONDITIONS = DEBUG;
				SWIFT_OPTIMIZATION_LEVEL = "-Onone";
			};
			name = Debug;
		};
		FBE6543929C47726003A234A /* Release */ = {
			isa = XCBuildConfiguration;
			buildSettings = {
				ALWAYS_SEARCH_USER_PATHS = NO;
				CLANG_ANALYZER_NONNULL = YES;
				CLANG_ANALYZER_NUMBER_OBJECT_CONVERSION = YES_AGGRESSIVE;
				CLANG_CXX_LANGUAGE_STANDARD = "gnu++20";
				CLANG_ENABLE_MODULES = YES;
				CLANG_ENABLE_OBJC_ARC = YES;
				CLANG_ENABLE_OBJC_WEAK = YES;
				CLANG_WARN_BLOCK_CAPTURE_AUTORELEASING = YES;
				CLANG_WARN_BOOL_CONVERSION = YES;
				CLANG_WARN_COMMA = YES;
				CLANG_WARN_CONSTANT_CONVERSION = YES;
				CLANG_WARN_DEPRECATED_OBJC_IMPLEMENTATIONS = YES;
				CLANG_WARN_DIRECT_OBJC_ISA_USAGE = YES_ERROR;
				CLANG_WARN_DOCUMENTATION_COMMENTS = YES;
				CLANG_WARN_EMPTY_BODY = YES;
				CLANG_WARN_ENUM_CONVERSION = YES;
				CLANG_WARN_INFINITE_RECURSION = YES;
				CLANG_WARN_INT_CONVERSION = YES;
				CLANG_WARN_NON_LITERAL_NULL_CONVERSION = YES;
				CLANG_WARN_OBJC_IMPLICIT_RETAIN_SELF = YES;
				CLANG_WARN_OBJC_LITERAL_CONVERSION = YES;
				CLANG_WARN_OBJC_ROOT_CLASS = YES_ERROR;
				CLANG_WARN_QUOTED_INCLUDE_IN_FRAMEWORK_HEADER = YES;
				CLANG_WARN_RANGE_LOOP_ANALYSIS = YES;
				CLANG_WARN_STRICT_PROTOTYPES = YES;
				CLANG_WARN_SUSPICIOUS_MOVE = YES;
				CLANG_WARN_UNGUARDED_AVAILABILITY = YES_AGGRESSIVE;
				CLANG_WARN_UNREACHABLE_CODE = YES;
				CLANG_WARN__DUPLICATE_METHOD_MATCH = YES;
				COPY_PHASE_STRIP = NO;
				DEBUG_INFORMATION_FORMAT = "dwarf-with-dsym";
				ENABLE_NS_ASSERTIONS = NO;
				ENABLE_STRICT_OBJC_MSGSEND = YES;
				GCC_C_LANGUAGE_STANDARD = gnu11;
				GCC_NO_COMMON_BLOCKS = YES;
				GCC_WARN_64_TO_32_BIT_CONVERSION = YES;
				GCC_WARN_ABOUT_RETURN_TYPE = YES_ERROR;
				GCC_WARN_UNDECLARED_SELECTOR = YES;
				GCC_WARN_UNINITIALIZED_AUTOS = YES_AGGRESSIVE;
				GCC_WARN_UNUSED_FUNCTION = YES;
				GCC_WARN_UNUSED_VARIABLE = YES;
				IPHONEOS_DEPLOYMENT_TARGET = 16.2;
				MTL_ENABLE_DEBUG_INFO = NO;
				MTL_FAST_MATH = YES;
				SDKROOT = iphoneos;
				SWIFT_COMPILATION_MODE = wholemodule;
				SWIFT_OPTIMIZATION_LEVEL = "-O";
				VALIDATE_PRODUCT = YES;
			};
			name = Release;
		};
		FBE6543B29C47726003A234A /* Debug */ = {
			isa = XCBuildConfiguration;
			baseConfigurationReference = 8F0AD172F02AA5021ACC4FB2 /* Pods-WeatherInfo.debug.xcconfig */;
			buildSettings = {
				ASSETCATALOG_COMPILER_APPICON_NAME = AppIcon;
				ASSETCATALOG_COMPILER_GLOBAL_ACCENT_COLOR_NAME = AccentColor;
				CODE_SIGN_STYLE = Automatic;
				CURRENT_PROJECT_VERSION = 1;
				GENERATE_INFOPLIST_FILE = YES;
				INFOPLIST_FILE = WeatherInfo/Info.plist;
				INFOPLIST_KEY_UIApplicationSupportsIndirectInputEvents = YES;
				INFOPLIST_KEY_UILaunchStoryboardName = LaunchScreen;
				INFOPLIST_KEY_UIMainStoryboardFile = Main;
				INFOPLIST_KEY_UISupportedInterfaceOrientations_iPad = "UIInterfaceOrientationPortrait UIInterfaceOrientationPortraitUpsideDown UIInterfaceOrientationLandscapeLeft UIInterfaceOrientationLandscapeRight";
				INFOPLIST_KEY_UISupportedInterfaceOrientations_iPhone = "UIInterfaceOrientationPortrait UIInterfaceOrientationLandscapeLeft UIInterfaceOrientationLandscapeRight";
				LD_RUNPATH_SEARCH_PATHS = (
					"$(inherited)",
					"@executable_path/Frameworks",
				);
				MARKETING_VERSION = 1.0;
				PRODUCT_BUNDLE_IDENTIFIER = Acc.WeatherInfo;
				PRODUCT_NAME = "$(TARGET_NAME)";
				SWIFT_EMIT_LOC_STRINGS = YES;
				SWIFT_VERSION = 5.0;
				TARGETED_DEVICE_FAMILY = "1,2";
			};
			name = Debug;
		};
		FBE6543C29C47726003A234A /* Release */ = {
			isa = XCBuildConfiguration;
			baseConfigurationReference = EB3ED610580856C2EE17D6F3 /* Pods-WeatherInfo.release.xcconfig */;
			buildSettings = {
				ASSETCATALOG_COMPILER_APPICON_NAME = AppIcon;
				ASSETCATALOG_COMPILER_GLOBAL_ACCENT_COLOR_NAME = AccentColor;
				CODE_SIGN_STYLE = Automatic;
				CURRENT_PROJECT_VERSION = 1;
				GENERATE_INFOPLIST_FILE = YES;
				INFOPLIST_FILE = WeatherInfo/Info.plist;
				INFOPLIST_KEY_UIApplicationSupportsIndirectInputEvents = YES;
				INFOPLIST_KEY_UILaunchStoryboardName = LaunchScreen;
				INFOPLIST_KEY_UIMainStoryboardFile = Main;
				INFOPLIST_KEY_UISupportedInterfaceOrientations_iPad = "UIInterfaceOrientationPortrait UIInterfaceOrientationPortraitUpsideDown UIInterfaceOrientationLandscapeLeft UIInterfaceOrientationLandscapeRight";
				INFOPLIST_KEY_UISupportedInterfaceOrientations_iPhone = "UIInterfaceOrientationPortrait UIInterfaceOrientationLandscapeLeft UIInterfaceOrientationLandscapeRight";
				LD_RUNPATH_SEARCH_PATHS = (
					"$(inherited)",
					"@executable_path/Frameworks",
				);
				MARKETING_VERSION = 1.0;
				PRODUCT_BUNDLE_IDENTIFIER = Acc.WeatherInfo;
				PRODUCT_NAME = "$(TARGET_NAME)";
				SWIFT_EMIT_LOC_STRINGS = YES;
				SWIFT_VERSION = 5.0;
				TARGETED_DEVICE_FAMILY = "1,2";
			};
			name = Release;
		};
		FBE6543E29C47726003A234A /* Debug */ = {
			isa = XCBuildConfiguration;
			baseConfigurationReference = B7836E8095D9560677763279 /* Pods-WeatherInfoTests.debug.xcconfig */;
			buildSettings = {
				ALWAYS_EMBED_SWIFT_STANDARD_LIBRARIES = YES;
				BUNDLE_LOADER = "$(TEST_HOST)";
				CODE_SIGN_STYLE = Automatic;
				CURRENT_PROJECT_VERSION = 1;
				GENERATE_INFOPLIST_FILE = YES;
				IPHONEOS_DEPLOYMENT_TARGET = 16.2;
				MARKETING_VERSION = 1.0;
				PRODUCT_BUNDLE_IDENTIFIER = Acc.WeatherInfoTests;
				PRODUCT_NAME = "$(TARGET_NAME)";
				SWIFT_EMIT_LOC_STRINGS = NO;
				SWIFT_VERSION = 5.0;
				TARGETED_DEVICE_FAMILY = "1,2";
				TEST_HOST = "$(BUILT_PRODUCTS_DIR)/WeatherInfo.app/$(BUNDLE_EXECUTABLE_FOLDER_PATH)/WeatherInfo";
			};
			name = Debug;
		};
		FBE6543F29C47726003A234A /* Release */ = {
			isa = XCBuildConfiguration;
			baseConfigurationReference = 2CFAC8431A67E3234BA8671D /* Pods-WeatherInfoTests.release.xcconfig */;
			buildSettings = {
				ALWAYS_EMBED_SWIFT_STANDARD_LIBRARIES = YES;
				BUNDLE_LOADER = "$(TEST_HOST)";
				CODE_SIGN_STYLE = Automatic;
				CURRENT_PROJECT_VERSION = 1;
				GENERATE_INFOPLIST_FILE = YES;
				IPHONEOS_DEPLOYMENT_TARGET = 16.2;
				MARKETING_VERSION = 1.0;
				PRODUCT_BUNDLE_IDENTIFIER = Acc.WeatherInfoTests;
				PRODUCT_NAME = "$(TARGET_NAME)";
				SWIFT_EMIT_LOC_STRINGS = NO;
				SWIFT_VERSION = 5.0;
				TARGETED_DEVICE_FAMILY = "1,2";
				TEST_HOST = "$(BUILT_PRODUCTS_DIR)/WeatherInfo.app/$(BUNDLE_EXECUTABLE_FOLDER_PATH)/WeatherInfo";
			};
			name = Release;
		};
		FBE6544129C47726003A234A /* Debug */ = {
			isa = XCBuildConfiguration;
			baseConfigurationReference = F7CFA18360C8C58FA9CA0F47 /* Pods-WeatherInfo-WeatherInfoUITests.debug.xcconfig */;
			buildSettings = {
				ALWAYS_EMBED_SWIFT_STANDARD_LIBRARIES = YES;
				CODE_SIGN_STYLE = Automatic;
				CURRENT_PROJECT_VERSION = 1;
				GENERATE_INFOPLIST_FILE = YES;
				MARKETING_VERSION = 1.0;
				PRODUCT_BUNDLE_IDENTIFIER = Acc.WeatherInfoUITests;
				PRODUCT_NAME = "$(TARGET_NAME)";
				SWIFT_EMIT_LOC_STRINGS = NO;
				SWIFT_VERSION = 5.0;
				TARGETED_DEVICE_FAMILY = "1,2";
				TEST_TARGET_NAME = WeatherInfo;
			};
			name = Debug;
		};
		FBE6544229C47726003A234A /* Release */ = {
			isa = XCBuildConfiguration;
			baseConfigurationReference = E835E959F245AFF372B7CAAA /* Pods-WeatherInfo-WeatherInfoUITests.release.xcconfig */;
			buildSettings = {
				ALWAYS_EMBED_SWIFT_STANDARD_LIBRARIES = YES;
				CODE_SIGN_STYLE = Automatic;
				CURRENT_PROJECT_VERSION = 1;
				GENERATE_INFOPLIST_FILE = YES;
				MARKETING_VERSION = 1.0;
				PRODUCT_BUNDLE_IDENTIFIER = Acc.WeatherInfoUITests;
				PRODUCT_NAME = "$(TARGET_NAME)";
				SWIFT_EMIT_LOC_STRINGS = NO;
				SWIFT_VERSION = 5.0;
				TARGETED_DEVICE_FAMILY = "1,2";
				TEST_TARGET_NAME = WeatherInfo;
			};
			name = Release;
		};
/* End XCBuildConfiguration section */

/* Begin XCConfigurationList section */
		FBE6540B29C47723003A234A /* Build configuration list for PBXProject "WeatherInfo" */ = {
			isa = XCConfigurationList;
			buildConfigurations = (
				FBE6543829C47726003A234A /* Debug */,
				FBE6543929C47726003A234A /* Release */,
			);
			defaultConfigurationIsVisible = 0;
			defaultConfigurationName = Release;
		};
		FBE6543A29C47726003A234A /* Build configuration list for PBXNativeTarget "WeatherInfo" */ = {
			isa = XCConfigurationList;
			buildConfigurations = (
				FBE6543B29C47726003A234A /* Debug */,
				FBE6543C29C47726003A234A /* Release */,
			);
			defaultConfigurationIsVisible = 0;
			defaultConfigurationName = Release;
		};
		FBE6543D29C47726003A234A /* Build configuration list for PBXNativeTarget "WeatherInfoTests" */ = {
			isa = XCConfigurationList;
			buildConfigurations = (
				FBE6543E29C47726003A234A /* Debug */,
				FBE6543F29C47726003A234A /* Release */,
			);
			defaultConfigurationIsVisible = 0;
			defaultConfigurationName = Release;
		};
		FBE6544029C47726003A234A /* Build configuration list for PBXNativeTarget "WeatherInfoUITests" */ = {
			isa = XCConfigurationList;
			buildConfigurations = (
				FBE6544129C47726003A234A /* Debug */,
				FBE6544229C47726003A234A /* Release */,
			);
			defaultConfigurationIsVisible = 0;
			defaultConfigurationName = Release;
		};
/* End XCConfigurationList section */
	};
	rootObject = FBE6540829C47723003A234A /* Project object */;
}
